// !$*UTF8*$!
{
	archiveVersion = 1;
	classes = {
	};
	objectVersion = 51;
	objects = {

/* Begin PBXBuildFile section */
		10377E6ED351259EA933B162 /* Pods_slokaraUITests.framework in Frameworks */ = {isa = PBXBuildFile; fileRef = 2089619EA01BEF941BD01E4D /* Pods_slokaraUITests.framework */; };
		10AC9BB6B1EB3931051A36DF /* Pods_slokaraTests.framework in Frameworks */ = {isa = PBXBuildFile; fileRef = C900A38A419D57E2BDEECE08 /* Pods_slokaraTests.framework */; };
		9821B32E2378560300CF964D /* AppDelegate.swift in Sources */ = {isa = PBXBuildFile; fileRef = 9821B32D2378560300CF964D /* AppDelegate.swift */; };
		9821B3372378560400CF964D /* Assets.xcassets in Resources */ = {isa = PBXBuildFile; fileRef = 9821B3362378560400CF964D /* Assets.xcassets */; };
		9821B33A2378560400CF964D /* LaunchScreen.storyboard in Resources */ = {isa = PBXBuildFile; fileRef = 9821B3382378560400CF964D /* LaunchScreen.storyboard */; };
		9821B3452378560400CF964D /* slokaraTests.swift in Sources */ = {isa = PBXBuildFile; fileRef = 9821B3442378560400CF964D /* slokaraTests.swift */; };
		9821B3502378560400CF964D /* slokaraUITests.swift in Sources */ = {isa = PBXBuildFile; fileRef = 9821B34F2378560400CF964D /* slokaraUITests.swift */; };
		98367111239810D100F590ED /* NavigationViewController.swift in Sources */ = {isa = PBXBuildFile; fileRef = 98367110239810D100F590ED /* NavigationViewController.swift */; };
		98367113239810E000F590ED /* Navigation.storyboard in Resources */ = {isa = PBXBuildFile; fileRef = 98367112239810E000F590ED /* Navigation.storyboard */; };
		98367115239810F200F590ED /* NavigationViewModel.swift in Sources */ = {isa = PBXBuildFile; fileRef = 98367114239810F200F590ED /* NavigationViewModel.swift */; };
		987F28A82392BCC800131C27 /* Oranienbaum.ttf in Resources */ = {isa = PBXBuildFile; fileRef = 987F28A72392BCC800131C27 /* Oranienbaum.ttf */; };
		987F28AB2392BD7F00131C27 /* CommonFontLabel.swift in Sources */ = {isa = PBXBuildFile; fileRef = 987F28AA2392BD7F00131C27 /* CommonFontLabel.swift */; };
		989F52F623AF2B0200009D14 /* BorderedLabel.swift in Sources */ = {isa = PBXBuildFile; fileRef = 989F52F523AF2B0200009D14 /* BorderedLabel.swift */; };
		98B652A7237DA9E200C4A5B5 /* Title.storyboard in Resources */ = {isa = PBXBuildFile; fileRef = 98B652A6237DA9E200C4A5B5 /* Title.storyboard */; };
		98B652A9237DA9F300C4A5B5 /* TitleViewController.swift in Sources */ = {isa = PBXBuildFile; fileRef = 98B652A8237DA9F300C4A5B5 /* TitleViewController.swift */; };
		98B652AC237DAC3200C4A5B5 /* Home.storyboard in Resources */ = {isa = PBXBuildFile; fileRef = 98B652AB237DAC3200C4A5B5 /* Home.storyboard */; };
		98B652AE237DAC4900C4A5B5 /* HomeViewController.swift in Sources */ = {isa = PBXBuildFile; fileRef = 98B652AD237DAC4900C4A5B5 /* HomeViewController.swift */; };
		98B652B0237DAC6500C4A5B5 /* HomeViewModel.swift in Sources */ = {isa = PBXBuildFile; fileRef = 98B652AF237DAC6500C4A5B5 /* HomeViewModel.swift */; };
		98B652B2237DACCA00C4A5B5 /* HomeModel.swift in Sources */ = {isa = PBXBuildFile; fileRef = 98B652B1237DACCA00C4A5B5 /* HomeModel.swift */; };
		98D049782398161B00CA868A /* NavigationModel.swift in Sources */ = {isa = PBXBuildFile; fileRef = 98D049772398161B00CA868A /* NavigationModel.swift */; };
		98D0497A2398166900CA868A /* Grade.swift in Sources */ = {isa = PBXBuildFile; fileRef = 98D049792398166900CA868A /* Grade.swift */; };
		98D0497C239953AF00CA868A /* NavigationChildViewController.swift in Sources */ = {isa = PBXBuildFile; fileRef = 98D0497B239953AF00CA868A /* NavigationChildViewController.swift */; };
		F47D662F23926C88009BA0EA /* 07LogoTypeGothic7.otf in Resources */ = {isa = PBXBuildFile; fileRef = F47D662E23926C88009BA0EA /* 07LogoTypeGothic7.otf */; };
		F7CC822837DDD1BD79B885D4 /* Pods_slokara.framework in Frameworks */ = {isa = PBXBuildFile; fileRef = BB3FE3407287E8AE2D0827B2 /* Pods_slokara.framework */; };
/* End PBXBuildFile section */

/* Begin PBXContainerItemProxy section */
		9821B3412378560400CF964D /* PBXContainerItemProxy */ = {
			isa = PBXContainerItemProxy;
			containerPortal = 9821B3222378560300CF964D /* Project object */;
			proxyType = 1;
			remoteGlobalIDString = 9821B3292378560300CF964D;
			remoteInfo = slokara;
		};
		9821B34C2378560400CF964D /* PBXContainerItemProxy */ = {
			isa = PBXContainerItemProxy;
			containerPortal = 9821B3222378560300CF964D /* Project object */;
			proxyType = 1;
			remoteGlobalIDString = 9821B3292378560300CF964D;
			remoteInfo = slokara;
		};
/* End PBXContainerItemProxy section */

/* Begin PBXFileReference section */
		09AD9FE9BF8E61C7F51BFFCF /* Pods-slokaraTests.debug.xcconfig */ = {isa = PBXFileReference; includeInIndex = 1; lastKnownFileType = text.xcconfig; name = "Pods-slokaraTests.debug.xcconfig"; path = "Target Support Files/Pods-slokaraTests/Pods-slokaraTests.debug.xcconfig"; sourceTree = "<group>"; };
		1F8C41C9950E6D4D2AAD34BC /* Pods-slokaraTests.release.xcconfig */ = {isa = PBXFileReference; includeInIndex = 1; lastKnownFileType = text.xcconfig; name = "Pods-slokaraTests.release.xcconfig"; path = "Target Support Files/Pods-slokaraTests/Pods-slokaraTests.release.xcconfig"; sourceTree = "<group>"; };
		2089619EA01BEF941BD01E4D /* Pods_slokaraUITests.framework */ = {isa = PBXFileReference; explicitFileType = wrapper.framework; includeInIndex = 0; path = Pods_slokaraUITests.framework; sourceTree = BUILT_PRODUCTS_DIR; };
		9821B32A2378560300CF964D /* slokara.app */ = {isa = PBXFileReference; explicitFileType = wrapper.application; includeInIndex = 0; path = slokara.app; sourceTree = BUILT_PRODUCTS_DIR; };
		9821B32D2378560300CF964D /* AppDelegate.swift */ = {isa = PBXFileReference; lastKnownFileType = sourcecode.swift; path = AppDelegate.swift; sourceTree = "<group>"; };
		9821B3362378560400CF964D /* Assets.xcassets */ = {isa = PBXFileReference; lastKnownFileType = folder.assetcatalog; path = Assets.xcassets; sourceTree = "<group>"; };
		9821B3392378560400CF964D /* Base */ = {isa = PBXFileReference; lastKnownFileType = file.storyboard; name = Base; path = Base.lproj/LaunchScreen.storyboard; sourceTree = "<group>"; };
		9821B33B2378560400CF964D /* Info.plist */ = {isa = PBXFileReference; lastKnownFileType = text.plist.xml; path = Info.plist; sourceTree = "<group>"; };
		9821B3402378560400CF964D /* slokaraTests.xctest */ = {isa = PBXFileReference; explicitFileType = wrapper.cfbundle; includeInIndex = 0; path = slokaraTests.xctest; sourceTree = BUILT_PRODUCTS_DIR; };
		9821B3442378560400CF964D /* slokaraTests.swift */ = {isa = PBXFileReference; lastKnownFileType = sourcecode.swift; path = slokaraTests.swift; sourceTree = "<group>"; };
		9821B3462378560400CF964D /* Info.plist */ = {isa = PBXFileReference; lastKnownFileType = text.plist.xml; path = Info.plist; sourceTree = "<group>"; };
		9821B34B2378560400CF964D /* slokaraUITests.xctest */ = {isa = PBXFileReference; explicitFileType = wrapper.cfbundle; includeInIndex = 0; path = slokaraUITests.xctest; sourceTree = BUILT_PRODUCTS_DIR; };
		9821B34F2378560400CF964D /* slokaraUITests.swift */ = {isa = PBXFileReference; lastKnownFileType = sourcecode.swift; path = slokaraUITests.swift; sourceTree = "<group>"; };
		9821B3512378560400CF964D /* Info.plist */ = {isa = PBXFileReference; lastKnownFileType = text.plist.xml; path = Info.plist; sourceTree = "<group>"; };
		98367110239810D100F590ED /* NavigationViewController.swift */ = {isa = PBXFileReference; fileEncoding = 4; lastKnownFileType = sourcecode.swift; path = NavigationViewController.swift; sourceTree = "<group>"; };
		98367112239810E000F590ED /* Navigation.storyboard */ = {isa = PBXFileReference; fileEncoding = 4; lastKnownFileType = file.storyboard; path = Navigation.storyboard; sourceTree = "<group>"; };
		98367114239810F200F590ED /* NavigationViewModel.swift */ = {isa = PBXFileReference; fileEncoding = 4; lastKnownFileType = sourcecode.swift; path = NavigationViewModel.swift; sourceTree = "<group>"; };
		987F28A72392BCC800131C27 /* Oranienbaum.ttf */ = {isa = PBXFileReference; lastKnownFileType = file; path = Oranienbaum.ttf; sourceTree = "<group>"; };
		987F28AA2392BD7F00131C27 /* CommonFontLabel.swift */ = {isa = PBXFileReference; lastKnownFileType = sourcecode.swift; path = CommonFontLabel.swift; sourceTree = "<group>"; };
		989F52F523AF2B0200009D14 /* BorderedLabel.swift */ = {isa = PBXFileReference; lastKnownFileType = sourcecode.swift; path = BorderedLabel.swift; sourceTree = "<group>"; };
		98B652A6237DA9E200C4A5B5 /* Title.storyboard */ = {isa = PBXFileReference; lastKnownFileType = file.storyboard; path = Title.storyboard; sourceTree = "<group>"; };
		98B652A8237DA9F300C4A5B5 /* TitleViewController.swift */ = {isa = PBXFileReference; lastKnownFileType = sourcecode.swift; path = TitleViewController.swift; sourceTree = "<group>"; };
		98B652AB237DAC3200C4A5B5 /* Home.storyboard */ = {isa = PBXFileReference; lastKnownFileType = file.storyboard; path = Home.storyboard; sourceTree = "<group>"; };
		98B652AD237DAC4900C4A5B5 /* HomeViewController.swift */ = {isa = PBXFileReference; lastKnownFileType = sourcecode.swift; path = HomeViewController.swift; sourceTree = "<group>"; };
		98B652AF237DAC6500C4A5B5 /* HomeViewModel.swift */ = {isa = PBXFileReference; lastKnownFileType = sourcecode.swift; path = HomeViewModel.swift; sourceTree = "<group>"; };
		98B652B1237DACCA00C4A5B5 /* HomeModel.swift */ = {isa = PBXFileReference; lastKnownFileType = sourcecode.swift; path = HomeModel.swift; sourceTree = "<group>"; };
		98D049772398161B00CA868A /* NavigationModel.swift */ = {isa = PBXFileReference; lastKnownFileType = sourcecode.swift; path = NavigationModel.swift; sourceTree = "<group>"; };
		98D049792398166900CA868A /* Grade.swift */ = {isa = PBXFileReference; lastKnownFileType = sourcecode.swift; path = Grade.swift; sourceTree = "<group>"; };
		98D0497B239953AF00CA868A /* NavigationChildViewController.swift */ = {isa = PBXFileReference; lastKnownFileType = sourcecode.swift; path = NavigationChildViewController.swift; sourceTree = "<group>"; };
		9B5C144CA3C74AF3E8B91662 /* Pods-slokara.debug.xcconfig */ = {isa = PBXFileReference; includeInIndex = 1; lastKnownFileType = text.xcconfig; name = "Pods-slokara.debug.xcconfig"; path = "Target Support Files/Pods-slokara/Pods-slokara.debug.xcconfig"; sourceTree = "<group>"; };
		A289E1AEE7FA019E770B30B7 /* Pods-slokaraUITests.release.xcconfig */ = {isa = PBXFileReference; includeInIndex = 1; lastKnownFileType = text.xcconfig; name = "Pods-slokaraUITests.release.xcconfig"; path = "Target Support Files/Pods-slokaraUITests/Pods-slokaraUITests.release.xcconfig"; sourceTree = "<group>"; };
		BB3FE3407287E8AE2D0827B2 /* Pods_slokara.framework */ = {isa = PBXFileReference; explicitFileType = wrapper.framework; includeInIndex = 0; path = Pods_slokara.framework; sourceTree = BUILT_PRODUCTS_DIR; };
		C900A38A419D57E2BDEECE08 /* Pods_slokaraTests.framework */ = {isa = PBXFileReference; explicitFileType = wrapper.framework; includeInIndex = 0; path = Pods_slokaraTests.framework; sourceTree = BUILT_PRODUCTS_DIR; };
		E621BD475B31DAB477190F56 /* Pods-slokaraUITests.debug.xcconfig */ = {isa = PBXFileReference; includeInIndex = 1; lastKnownFileType = text.xcconfig; name = "Pods-slokaraUITests.debug.xcconfig"; path = "Target Support Files/Pods-slokaraUITests/Pods-slokaraUITests.debug.xcconfig"; sourceTree = "<group>"; };
		EDD5E91303E38F5B9B9DEDE4 /* Pods-slokara.release.xcconfig */ = {isa = PBXFileReference; includeInIndex = 1; lastKnownFileType = text.xcconfig; name = "Pods-slokara.release.xcconfig"; path = "Target Support Files/Pods-slokara/Pods-slokara.release.xcconfig"; sourceTree = "<group>"; };
		F47D662E23926C88009BA0EA /* 07LogoTypeGothic7.otf */ = {isa = PBXFileReference; lastKnownFileType = file; path = 07LogoTypeGothic7.otf; sourceTree = "<group>"; };
/* End PBXFileReference section */

/* Begin PBXFrameworksBuildPhase section */
		9821B3272378560300CF964D /* Frameworks */ = {
			isa = PBXFrameworksBuildPhase;
			buildActionMask = 2147483647;
			files = (
				F7CC822837DDD1BD79B885D4 /* Pods_slokara.framework in Frameworks */,
			);
			runOnlyForDeploymentPostprocessing = 0;
		};
		9821B33D2378560400CF964D /* Frameworks */ = {
			isa = PBXFrameworksBuildPhase;
			buildActionMask = 2147483647;
			files = (
				10AC9BB6B1EB3931051A36DF /* Pods_slokaraTests.framework in Frameworks */,
			);
			runOnlyForDeploymentPostprocessing = 0;
		};
		9821B3482378560400CF964D /* Frameworks */ = {
			isa = PBXFrameworksBuildPhase;
			buildActionMask = 2147483647;
			files = (
				10377E6ED351259EA933B162 /* Pods_slokaraUITests.framework in Frameworks */,
			);
			runOnlyForDeploymentPostprocessing = 0;
		};
/* End PBXFrameworksBuildPhase section */

/* Begin PBXGroup section */
		2083A412C3820F37BB09349D /* Frameworks */ = {
			isa = PBXGroup;
			children = (
				BB3FE3407287E8AE2D0827B2 /* Pods_slokara.framework */,
				C900A38A419D57E2BDEECE08 /* Pods_slokaraTests.framework */,
				2089619EA01BEF941BD01E4D /* Pods_slokaraUITests.framework */,
			);
			name = Frameworks;
			sourceTree = "<group>";
		};
		2B68C37C493F11AF43BD99F2 /* Pods */ = {
			isa = PBXGroup;
			children = (
				9B5C144CA3C74AF3E8B91662 /* Pods-slokara.debug.xcconfig */,
				EDD5E91303E38F5B9B9DEDE4 /* Pods-slokara.release.xcconfig */,
				09AD9FE9BF8E61C7F51BFFCF /* Pods-slokaraTests.debug.xcconfig */,
				1F8C41C9950E6D4D2AAD34BC /* Pods-slokaraTests.release.xcconfig */,
				E621BD475B31DAB477190F56 /* Pods-slokaraUITests.debug.xcconfig */,
				A289E1AEE7FA019E770B30B7 /* Pods-slokaraUITests.release.xcconfig */,
			);
			path = Pods;
			sourceTree = "<group>";
		};
		9821B3212378560300CF964D = {
			isa = PBXGroup;
			children = (
				9821B32C2378560300CF964D /* slokara */,
				9821B3432378560400CF964D /* slokaraTests */,
				9821B34E2378560400CF964D /* slokaraUITests */,
				9821B32B2378560300CF964D /* Products */,
				2B68C37C493F11AF43BD99F2 /* Pods */,
				2083A412C3820F37BB09349D /* Frameworks */,
			);
			sourceTree = "<group>";
		};
		9821B32B2378560300CF964D /* Products */ = {
			isa = PBXGroup;
			children = (
				9821B32A2378560300CF964D /* slokara.app */,
				9821B3402378560400CF964D /* slokaraTests.xctest */,
				9821B34B2378560400CF964D /* slokaraUITests.xctest */,
			);
			name = Products;
			sourceTree = "<group>";
		};
		9821B32C2378560300CF964D /* slokara */ = {
			isa = PBXGroup;
			children = (
				98D049762398105200CA868A /* Navigation */,
				98B652A5237DA9CE00C4A5B5 /* Title */,
				98B652AA237DAC0E00C4A5B5 /* Home */,
				987F28A92392BD2900131C27 /* CustomViews */,
				9821B32D2378560300CF964D /* AppDelegate.swift */,
				98D049792398166900CA868A /* Grade.swift */,
				9821B3362378560400CF964D /* Assets.xcassets */,
				9821B3382378560400CF964D /* LaunchScreen.storyboard */,
				9821B33B2378560400CF964D /* Info.plist */,
				987F28A62392BBC900131C27 /* Fonts */,
			);
			path = slokara;
			sourceTree = "<group>";
		};
		9821B3432378560400CF964D /* slokaraTests */ = {
			isa = PBXGroup;
			children = (
				9821B3442378560400CF964D /* slokaraTests.swift */,
				9821B3462378560400CF964D /* Info.plist */,
			);
			path = slokaraTests;
			sourceTree = "<group>";
		};
		9821B34E2378560400CF964D /* slokaraUITests */ = {
			isa = PBXGroup;
			children = (
				9821B34F2378560400CF964D /* slokaraUITests.swift */,
				9821B3512378560400CF964D /* Info.plist */,
			);
			path = slokaraUITests;
			sourceTree = "<group>";
		};
		987F28A62392BBC900131C27 /* Fonts */ = {
			isa = PBXGroup;
			children = (
				F47D662E23926C88009BA0EA /* 07LogoTypeGothic7.otf */,
				987F28A72392BCC800131C27 /* Oranienbaum.ttf */,
			);
			path = Fonts;
			sourceTree = "<group>";
		};
		987F28A92392BD2900131C27 /* CustomViews */ = {
			isa = PBXGroup;
			children = (
				987F28AA2392BD7F00131C27 /* CommonFontLabel.swift */,
				98D0497B239953AF00CA868A /* NavigationChildViewController.swift */,
				989F52F523AF2B0200009D14 /* BorderedLabel.swift */,
			);
			path = CustomViews;
			sourceTree = "<group>";
		};
		98B652A5237DA9CE00C4A5B5 /* Title */ = {
			isa = PBXGroup;
			children = (
				98B652A6237DA9E200C4A5B5 /* Title.storyboard */,
				98B652A8237DA9F300C4A5B5 /* TitleViewController.swift */,
			);
			path = Title;
			sourceTree = "<group>";
		};
		98B652AA237DAC0E00C4A5B5 /* Home */ = {
			isa = PBXGroup;
			children = (
				98B652AB237DAC3200C4A5B5 /* Home.storyboard */,
				98B652AD237DAC4900C4A5B5 /* HomeViewController.swift */,
				98B652AF237DAC6500C4A5B5 /* HomeViewModel.swift */,
				98B652B1237DACCA00C4A5B5 /* HomeModel.swift */,
			);
			path = Home;
			sourceTree = "<group>";
		};
		98D049762398105200CA868A /* Navigation */ = {
			isa = PBXGroup;
			children = (
				98367110239810D100F590ED /* NavigationViewController.swift */,
				98367112239810E000F590ED /* Navigation.storyboard */,
				98367114239810F200F590ED /* NavigationViewModel.swift */,
				98D049772398161B00CA868A /* NavigationModel.swift */,
			);
			path = Navigation;
			sourceTree = "<group>";
		};
/* End PBXGroup section */

/* Begin PBXNativeTarget section */
		9821B3292378560300CF964D /* slokara */ = {
			isa = PBXNativeTarget;
			buildConfigurationList = 9821B3542378560400CF964D /* Build configuration list for PBXNativeTarget "slokara" */;
			buildPhases = (
				82EB4BE219200D042D079BAD /* [CP] Check Pods Manifest.lock */,
				9821B3262378560300CF964D /* Sources */,
				9821B3272378560300CF964D /* Frameworks */,
				9821B3282378560300CF964D /* Resources */,
				AA27B2B28D62BC16B407436E /* [CP] Embed Pods Frameworks */,
			);
			buildRules = (
			);
			dependencies = (
			);
			name = slokara;
			productName = slokara;
			productReference = 9821B32A2378560300CF964D /* slokara.app */;
			productType = "com.apple.product-type.application";
		};
		9821B33F2378560400CF964D /* slokaraTests */ = {
			isa = PBXNativeTarget;
			buildConfigurationList = 9821B3572378560400CF964D /* Build configuration list for PBXNativeTarget "slokaraTests" */;
			buildPhases = (
				C394E81C09C5A0CD7EDAAEBD /* [CP] Check Pods Manifest.lock */,
				9821B33C2378560400CF964D /* Sources */,
				9821B33D2378560400CF964D /* Frameworks */,
				9821B33E2378560400CF964D /* Resources */,
				3E3555BF858FDCB61A7142EC /* [CP] Embed Pods Frameworks */,
			);
			buildRules = (
			);
			dependencies = (
				9821B3422378560400CF964D /* PBXTargetDependency */,
			);
			name = slokaraTests;
			productName = slokaraTests;
			productReference = 9821B3402378560400CF964D /* slokaraTests.xctest */;
			productType = "com.apple.product-type.bundle.unit-test";
		};
		9821B34A2378560400CF964D /* slokaraUITests */ = {
			isa = PBXNativeTarget;
			buildConfigurationList = 9821B35A2378560400CF964D /* Build configuration list for PBXNativeTarget "slokaraUITests" */;
			buildPhases = (
				0F0B0262926E463EA28ADED0 /* [CP] Check Pods Manifest.lock */,
				9821B3472378560400CF964D /* Sources */,
				9821B3482378560400CF964D /* Frameworks */,
				9821B3492378560400CF964D /* Resources */,
			);
			buildRules = (
			);
			dependencies = (
				9821B34D2378560400CF964D /* PBXTargetDependency */,
			);
			name = slokaraUITests;
			productName = slokaraUITests;
			productReference = 9821B34B2378560400CF964D /* slokaraUITests.xctest */;
			productType = "com.apple.product-type.bundle.ui-testing";
		};
/* End PBXNativeTarget section */

/* Begin PBXProject section */
		9821B3222378560300CF964D /* Project object */ = {
			isa = PBXProject;
			attributes = {
				LastSwiftUpdateCheck = 1120;
				LastUpgradeCheck = 1120;
				ORGANIZATIONNAME = Sab_swiftlin;
				TargetAttributes = {
					9821B3292378560300CF964D = {
						CreatedOnToolsVersion = 11.2.1;
					};
					9821B33F2378560400CF964D = {
						CreatedOnToolsVersion = 11.2.1;
						TestTargetID = 9821B3292378560300CF964D;
					};
					9821B34A2378560400CF964D = {
						CreatedOnToolsVersion = 11.2.1;
						TestTargetID = 9821B3292378560300CF964D;
					};
				};
			};
			buildConfigurationList = 9821B3252378560300CF964D /* Build configuration list for PBXProject "slokara" */;
			compatibilityVersion = "Xcode 9.3";
			developmentRegion = en;
			hasScannedForEncodings = 0;
			knownRegions = (
				en,
				Base,
			);
			mainGroup = 9821B3212378560300CF964D;
			productRefGroup = 9821B32B2378560300CF964D /* Products */;
			projectDirPath = "";
			projectRoot = "";
			targets = (
				9821B3292378560300CF964D /* slokara */,
				9821B33F2378560400CF964D /* slokaraTests */,
				9821B34A2378560400CF964D /* slokaraUITests */,
			);
		};
/* End PBXProject section */

/* Begin PBXResourcesBuildPhase section */
		9821B3282378560300CF964D /* Resources */ = {
			isa = PBXResourcesBuildPhase;
			buildActionMask = 2147483647;
			files = (
				9821B33A2378560400CF964D /* LaunchScreen.storyboard in Resources */,
				98B652A7237DA9E200C4A5B5 /* Title.storyboard in Resources */,
				987F28A82392BCC800131C27 /* Oranienbaum.ttf in Resources */,
				9821B3372378560400CF964D /* Assets.xcassets in Resources */,
				F47D662F23926C88009BA0EA /* 07LogoTypeGothic7.otf in Resources */,
				98B652AC237DAC3200C4A5B5 /* Home.storyboard in Resources */,
				98367113239810E000F590ED /* Navigation.storyboard in Resources */,
			);
			runOnlyForDeploymentPostprocessing = 0;
		};
		9821B33E2378560400CF964D /* Resources */ = {
			isa = PBXResourcesBuildPhase;
			buildActionMask = 2147483647;
			files = (
			);
			runOnlyForDeploymentPostprocessing = 0;
		};
		9821B3492378560400CF964D /* Resources */ = {
			isa = PBXResourcesBuildPhase;
			buildActionMask = 2147483647;
			files = (
			);
			runOnlyForDeploymentPostprocessing = 0;
		};
/* End PBXResourcesBuildPhase section */

/* Begin PBXShellScriptBuildPhase section */
		0F0B0262926E463EA28ADED0 /* [CP] Check Pods Manifest.lock */ = {
			isa = PBXShellScriptBuildPhase;
			buildActionMask = 2147483647;
			files = (
			);
			inputFileListPaths = (
			);
			inputPaths = (
				"${PODS_PODFILE_DIR_PATH}/Podfile.lock",
				"${PODS_ROOT}/Manifest.lock",
			);
			name = "[CP] Check Pods Manifest.lock";
			outputFileListPaths = (
			);
			outputPaths = (
				"$(DERIVED_FILE_DIR)/Pods-slokaraUITests-checkManifestLockResult.txt",
			);
			runOnlyForDeploymentPostprocessing = 0;
			shellPath = /bin/sh;
			shellScript = "diff \"${PODS_PODFILE_DIR_PATH}/Podfile.lock\" \"${PODS_ROOT}/Manifest.lock\" > /dev/null\nif [ $? != 0 ] ; then\n    # print error to STDERR\n    echo \"error: The sandbox is not in sync with the Podfile.lock. Run 'pod install' or update your CocoaPods installation.\" >&2\n    exit 1\nfi\n# This output is used by Xcode 'outputs' to avoid re-running this script phase.\necho \"SUCCESS\" > \"${SCRIPT_OUTPUT_FILE_0}\"\n";
			showEnvVarsInLog = 0;
		};
		3E3555BF858FDCB61A7142EC /* [CP] Embed Pods Frameworks */ = {
			isa = PBXShellScriptBuildPhase;
			buildActionMask = 2147483647;
			files = (
			);
			inputFileListPaths = (
				"${PODS_ROOT}/Target Support Files/Pods-slokaraTests/Pods-slokaraTests-frameworks-${CONFIGURATION}-input-files.xcfilelist",
			);
			name = "[CP] Embed Pods Frameworks";
			outputFileListPaths = (
				"${PODS_ROOT}/Target Support Files/Pods-slokaraTests/Pods-slokaraTests-frameworks-${CONFIGURATION}-output-files.xcfilelist",
			);
			runOnlyForDeploymentPostprocessing = 0;
			shellPath = /bin/sh;
			shellScript = "\"${PODS_ROOT}/Target Support Files/Pods-slokaraTests/Pods-slokaraTests-frameworks.sh\"\n";
			showEnvVarsInLog = 0;
		};
		82EB4BE219200D042D079BAD /* [CP] Check Pods Manifest.lock */ = {
			isa = PBXShellScriptBuildPhase;
			buildActionMask = 2147483647;
			files = (
			);
			inputFileListPaths = (
			);
			inputPaths = (
				"${PODS_PODFILE_DIR_PATH}/Podfile.lock",
				"${PODS_ROOT}/Manifest.lock",
			);
			name = "[CP] Check Pods Manifest.lock";
			outputFileListPaths = (
			);
			outputPaths = (
				"$(DERIVED_FILE_DIR)/Pods-slokara-checkManifestLockResult.txt",
			);
			runOnlyForDeploymentPostprocessing = 0;
			shellPath = /bin/sh;
			shellScript = "diff \"${PODS_PODFILE_DIR_PATH}/Podfile.lock\" \"${PODS_ROOT}/Manifest.lock\" > /dev/null\nif [ $? != 0 ] ; then\n    # print error to STDERR\n    echo \"error: The sandbox is not in sync with the Podfile.lock. Run 'pod install' or update your CocoaPods installation.\" >&2\n    exit 1\nfi\n# This output is used by Xcode 'outputs' to avoid re-running this script phase.\necho \"SUCCESS\" > \"${SCRIPT_OUTPUT_FILE_0}\"\n";
			showEnvVarsInLog = 0;
		};
		AA27B2B28D62BC16B407436E /* [CP] Embed Pods Frameworks */ = {
			isa = PBXShellScriptBuildPhase;
			buildActionMask = 2147483647;
			files = (
			);
			inputFileListPaths = (
				"${PODS_ROOT}/Target Support Files/Pods-slokara/Pods-slokara-frameworks-${CONFIGURATION}-input-files.xcfilelist",
			);
			name = "[CP] Embed Pods Frameworks";
			outputFileListPaths = (
				"${PODS_ROOT}/Target Support Files/Pods-slokara/Pods-slokara-frameworks-${CONFIGURATION}-output-files.xcfilelist",
			);
			runOnlyForDeploymentPostprocessing = 0;
			shellPath = /bin/sh;
			shellScript = "\"${PODS_ROOT}/Target Support Files/Pods-slokara/Pods-slokara-frameworks.sh\"\n";
			showEnvVarsInLog = 0;
		};
		C394E81C09C5A0CD7EDAAEBD /* [CP] Check Pods Manifest.lock */ = {
			isa = PBXShellScriptBuildPhase;
			buildActionMask = 2147483647;
			files = (
			);
			inputFileListPaths = (
			);
			inputPaths = (
				"${PODS_PODFILE_DIR_PATH}/Podfile.lock",
				"${PODS_ROOT}/Manifest.lock",
			);
			name = "[CP] Check Pods Manifest.lock";
			outputFileListPaths = (
			);
			outputPaths = (
				"$(DERIVED_FILE_DIR)/Pods-slokaraTests-checkManifestLockResult.txt",
			);
			runOnlyForDeploymentPostprocessing = 0;
			shellPath = /bin/sh;
			shellScript = "diff \"${PODS_PODFILE_DIR_PATH}/Podfile.lock\" \"${PODS_ROOT}/Manifest.lock\" > /dev/null\nif [ $? != 0 ] ; then\n    # print error to STDERR\n    echo \"error: The sandbox is not in sync with the Podfile.lock. Run 'pod install' or update your CocoaPods installation.\" >&2\n    exit 1\nfi\n# This output is used by Xcode 'outputs' to avoid re-running this script phase.\necho \"SUCCESS\" > \"${SCRIPT_OUTPUT_FILE_0}\"\n";
			showEnvVarsInLog = 0;
		};
/* End PBXShellScriptBuildPhase section */

/* Begin PBXSourcesBuildPhase section */
		9821B3262378560300CF964D /* Sources */ = {
			isa = PBXSourcesBuildPhase;
			buildActionMask = 2147483647;
			files = (
				98367115239810F200F590ED /* NavigationViewModel.swift in Sources */,
				9821B32E2378560300CF964D /* AppDelegate.swift in Sources */,
				98D0497C239953AF00CA868A /* NavigationChildViewController.swift in Sources */,
				98B652A9237DA9F300C4A5B5 /* TitleViewController.swift in Sources */,
				98D0497A2398166900CA868A /* Grade.swift in Sources */,
				987F28AB2392BD7F00131C27 /* CommonFontLabel.swift in Sources */,
				98B652AE237DAC4900C4A5B5 /* HomeViewController.swift in Sources */,
				98D049782398161B00CA868A /* NavigationModel.swift in Sources */,
				989F52F623AF2B0200009D14 /* BorderedLabel.swift in Sources */,
				98B652B2237DACCA00C4A5B5 /* HomeModel.swift in Sources */,
				98367111239810D100F590ED /* NavigationViewController.swift in Sources */,
				98B652B0237DAC6500C4A5B5 /* HomeViewModel.swift in Sources */,
			);
			runOnlyForDeploymentPostprocessing = 0;
		};
		9821B33C2378560400CF964D /* Sources */ = {
			isa = PBXSourcesBuildPhase;
			buildActionMask = 2147483647;
			files = (
				9821B3452378560400CF964D /* slokaraTests.swift in Sources */,
			);
			runOnlyForDeploymentPostprocessing = 0;
		};
		9821B3472378560400CF964D /* Sources */ = {
			isa = PBXSourcesBuildPhase;
			buildActionMask = 2147483647;
			files = (
				9821B3502378560400CF964D /* slokaraUITests.swift in Sources */,
			);
			runOnlyForDeploymentPostprocessing = 0;
		};
/* End PBXSourcesBuildPhase section */

/* Begin PBXTargetDependency section */
		9821B3422378560400CF964D /* PBXTargetDependency */ = {
			isa = PBXTargetDependency;
			target = 9821B3292378560300CF964D /* slokara */;
			targetProxy = 9821B3412378560400CF964D /* PBXContainerItemProxy */;
		};
		9821B34D2378560400CF964D /* PBXTargetDependency */ = {
			isa = PBXTargetDependency;
			target = 9821B3292378560300CF964D /* slokara */;
			targetProxy = 9821B34C2378560400CF964D /* PBXContainerItemProxy */;
		};
/* End PBXTargetDependency section */

/* Begin PBXVariantGroup section */
		9821B3382378560400CF964D /* LaunchScreen.storyboard */ = {
			isa = PBXVariantGroup;
			children = (
				9821B3392378560400CF964D /* Base */,
			);
			name = LaunchScreen.storyboard;
			sourceTree = "<group>";
		};
/* End PBXVariantGroup section */

/* Begin XCBuildConfiguration section */
		9821B3522378560400CF964D /* Debug */ = {
			isa = XCBuildConfiguration;
			buildSettings = {
				ALWAYS_SEARCH_USER_PATHS = NO;
				CLANG_ANALYZER_NONNULL = YES;
				CLANG_ANALYZER_NUMBER_OBJECT_CONVERSION = YES_AGGRESSIVE;
				CLANG_CXX_LANGUAGE_STANDARD = "gnu++14";
				CLANG_CXX_LIBRARY = "libc++";
				CLANG_ENABLE_MODULES = YES;
				CLANG_ENABLE_OBJC_ARC = YES;
				CLANG_ENABLE_OBJC_WEAK = YES;
				CLANG_WARN_BLOCK_CAPTURE_AUTORELEASING = YES;
				CLANG_WARN_BOOL_CONVERSION = YES;
				CLANG_WARN_COMMA = YES;
				CLANG_WARN_CONSTANT_CONVERSION = YES;
				CLANG_WARN_DEPRECATED_OBJC_IMPLEMENTATIONS = YES;
				CLANG_WARN_DIRECT_OBJC_ISA_USAGE = YES_ERROR;
				CLANG_WARN_DOCUMENTATION_COMMENTS = YES;
				CLANG_WARN_EMPTY_BODY = YES;
				CLANG_WARN_ENUM_CONVERSION = YES;
				CLANG_WARN_INFINITE_RECURSION = YES;
				CLANG_WARN_INT_CONVERSION = YES;
				CLANG_WARN_NON_LITERAL_NULL_CONVERSION = YES;
				CLANG_WARN_OBJC_IMPLICIT_RETAIN_SELF = YES;
				CLANG_WARN_OBJC_LITERAL_CONVERSION = YES;
				CLANG_WARN_OBJC_ROOT_CLASS = YES_ERROR;
				CLANG_WARN_RANGE_LOOP_ANALYSIS = YES;
				CLANG_WARN_STRICT_PROTOTYPES = YES;
				CLANG_WARN_SUSPICIOUS_MOVE = YES;
				CLANG_WARN_UNGUARDED_AVAILABILITY = YES_AGGRESSIVE;
				CLANG_WARN_UNREACHABLE_CODE = YES;
				CLANG_WARN__DUPLICATE_METHOD_MATCH = YES;
				COPY_PHASE_STRIP = NO;
				DEBUG_INFORMATION_FORMAT = dwarf;
				ENABLE_STRICT_OBJC_MSGSEND = YES;
				ENABLE_TESTABILITY = YES;
				GCC_C_LANGUAGE_STANDARD = gnu11;
				GCC_DYNAMIC_NO_PIC = NO;
				GCC_NO_COMMON_BLOCKS = YES;
				GCC_OPTIMIZATION_LEVEL = 0;
				GCC_PREPROCESSOR_DEFINITIONS = (
					"DEBUG=1",
					"$(inherited)",
				);
				GCC_WARN_64_TO_32_BIT_CONVERSION = YES;
				GCC_WARN_ABOUT_RETURN_TYPE = YES_ERROR;
				GCC_WARN_UNDECLARED_SELECTOR = YES;
				GCC_WARN_UNINITIALIZED_AUTOS = YES_AGGRESSIVE;
				GCC_WARN_UNUSED_FUNCTION = YES;
				GCC_WARN_UNUSED_VARIABLE = YES;
				IPHONEOS_DEPLOYMENT_TARGET = 12.0;
				MTL_ENABLE_DEBUG_INFO = INCLUDE_SOURCE;
				MTL_FAST_MATH = YES;
				ONLY_ACTIVE_ARCH = YES;
				SDKROOT = iphoneos;
				SWIFT_ACTIVE_COMPILATION_CONDITIONS = DEBUG;
				SWIFT_OPTIMIZATION_LEVEL = "-Onone";
			};
			name = Debug;
		};
		9821B3532378560400CF964D /* Release */ = {
			isa = XCBuildConfiguration;
			buildSettings = {
				ALWAYS_SEARCH_USER_PATHS = NO;
				CLANG_ANALYZER_NONNULL = YES;
				CLANG_ANALYZER_NUMBER_OBJECT_CONVERSION = YES_AGGRESSIVE;
				CLANG_CXX_LANGUAGE_STANDARD = "gnu++14";
				CLANG_CXX_LIBRARY = "libc++";
				CLANG_ENABLE_MODULES = YES;
				CLANG_ENABLE_OBJC_ARC = YES;
				CLANG_ENABLE_OBJC_WEAK = YES;
				CLANG_WARN_BLOCK_CAPTURE_AUTORELEASING = YES;
				CLANG_WARN_BOOL_CONVERSION = YES;
				CLANG_WARN_COMMA = YES;
				CLANG_WARN_CONSTANT_CONVERSION = YES;
				CLANG_WARN_DEPRECATED_OBJC_IMPLEMENTATIONS = YES;
				CLANG_WARN_DIRECT_OBJC_ISA_USAGE = YES_ERROR;
				CLANG_WARN_DOCUMENTATION_COMMENTS = YES;
				CLANG_WARN_EMPTY_BODY = YES;
				CLANG_WARN_ENUM_CONVERSION = YES;
				CLANG_WARN_INFINITE_RECURSION = YES;
				CLANG_WARN_INT_CONVERSION = YES;
				CLANG_WARN_NON_LITERAL_NULL_CONVERSION = YES;
				CLANG_WARN_OBJC_IMPLICIT_RETAIN_SELF = YES;
				CLANG_WARN_OBJC_LITERAL_CONVERSION = YES;
				CLANG_WARN_OBJC_ROOT_CLASS = YES_ERROR;
				CLANG_WARN_RANGE_LOOP_ANALYSIS = YES;
				CLANG_WARN_STRICT_PROTOTYPES = YES;
				CLANG_WARN_SUSPICIOUS_MOVE = YES;
				CLANG_WARN_UNGUARDED_AVAILABILITY = YES_AGGRESSIVE;
				CLANG_WARN_UNREACHABLE_CODE = YES;
				CLANG_WARN__DUPLICATE_METHOD_MATCH = YES;
				COPY_PHASE_STRIP = NO;
				DEBUG_INFORMATION_FORMAT = "dwarf-with-dsym";
				ENABLE_NS_ASSERTIONS = NO;
				ENABLE_STRICT_OBJC_MSGSEND = YES;
				GCC_C_LANGUAGE_STANDARD = gnu11;
				GCC_NO_COMMON_BLOCKS = YES;
				GCC_WARN_64_TO_32_BIT_CONVERSION = YES;
				GCC_WARN_ABOUT_RETURN_TYPE = YES_ERROR;
				GCC_WARN_UNDECLARED_SELECTOR = YES;
				GCC_WARN_UNINITIALIZED_AUTOS = YES_AGGRESSIVE;
				GCC_WARN_UNUSED_FUNCTION = YES;
				GCC_WARN_UNUSED_VARIABLE = YES;
				IPHONEOS_DEPLOYMENT_TARGET = 12.0;
				MTL_ENABLE_DEBUG_INFO = NO;
				MTL_FAST_MATH = YES;
				SDKROOT = iphoneos;
				SWIFT_COMPILATION_MODE = wholemodule;
				SWIFT_OPTIMIZATION_LEVEL = "-O";
				VALIDATE_PRODUCT = YES;
			};
			name = Release;
		};
		9821B3552378560400CF964D /* Debug */ = {
			isa = XCBuildConfiguration;
			baseConfigurationReference = 9B5C144CA3C74AF3E8B91662 /* Pods-slokara.debug.xcconfig */;
			buildSettings = {
				ASSETCATALOG_COMPILER_APPICON_NAME = AppIcon;
				CODE_SIGN_STYLE = Automatic;
				INFOPLIST_FILE = slokara/Info.plist;
				IPHONEOS_DEPLOYMENT_TARGET = 12.0;
				LD_RUNPATH_SEARCH_PATHS = (
					"$(inherited)",
					"@executable_path/Frameworks",
				);
				PRODUCT_BUNDLE_IDENTIFIER = "jp.continue-dev.slokara";
				PRODUCT_NAME = "$(TARGET_NAME)";
				SWIFT_VERSION = 5.0;
				TARGETED_DEVICE_FAMILY = 1;
			};
			name = Debug;
		};
		9821B3562378560400CF964D /* Release */ = {
			isa = XCBuildConfiguration;
			baseConfigurationReference = EDD5E91303E38F5B9B9DEDE4 /* Pods-slokara.release.xcconfig */;
			buildSettings = {
				ASSETCATALOG_COMPILER_APPICON_NAME = AppIcon;
				CODE_SIGN_STYLE = Automatic;
				INFOPLIST_FILE = slokara/Info.plist;
				IPHONEOS_DEPLOYMENT_TARGET = 12.0;
				LD_RUNPATH_SEARCH_PATHS = (
					"$(inherited)",
					"@executable_path/Frameworks",
				);
				PRODUCT_BUNDLE_IDENTIFIER = "jp.continue-dev.slokara";
				PRODUCT_NAME = "$(TARGET_NAME)";
				SWIFT_VERSION = 5.0;
				TARGETED_DEVICE_FAMILY = 1;
			};
			name = Release;
		};
		9821B3582378560400CF964D /* Debug */ = {
			isa = XCBuildConfiguration;
			baseConfigurationReference = 09AD9FE9BF8E61C7F51BFFCF /* Pods-slokaraTests.debug.xcconfig */;
			buildSettings = {
				ALWAYS_EMBED_SWIFT_STANDARD_LIBRARIES = YES;
				BUNDLE_LOADER = "$(TEST_HOST)";
				CODE_SIGN_STYLE = Automatic;
				INFOPLIST_FILE = slokaraTests/Info.plist;
				IPHONEOS_DEPLOYMENT_TARGET = 13.2;
				LD_RUNPATH_SEARCH_PATHS = (
					"$(inherited)",
					"@executable_path/Frameworks",
					"@loader_path/Frameworks",
				);
				PRODUCT_BUNDLE_IDENTIFIER = "jp.continue-dev.slokaraTests";
				PRODUCT_NAME = "$(TARGET_NAME)";
				SWIFT_VERSION = 5.0;
				TARGETED_DEVICE_FAMILY = "1,2";
				TEST_HOST = "$(BUILT_PRODUCTS_DIR)/slokara.app/slokara";
			};
			name = Debug;
		};
		9821B3592378560400CF964D /* Release */ = {
			isa = XCBuildConfiguration;
			baseConfigurationReference = 1F8C41C9950E6D4D2AAD34BC /* Pods-slokaraTests.release.xcconfig */;
			buildSettings = {
				ALWAYS_EMBED_SWIFT_STANDARD_LIBRARIES = YES;
				BUNDLE_LOADER = "$(TEST_HOST)";
				CODE_SIGN_STYLE = Automatic;
				INFOPLIST_FILE = slokaraTests/Info.plist;
				IPHONEOS_DEPLOYMENT_TARGET = 13.2;
				LD_RUNPATH_SEARCH_PATHS = (
					"$(inherited)",
					"@executable_path/Frameworks",
					"@loader_path/Frameworks",
				);
				PRODUCT_BUNDLE_IDENTIFIER = "jp.continue-dev.slokaraTests";
				PRODUCT_NAME = "$(TARGET_NAME)";
				SWIFT_VERSION = 5.0;
				TARGETED_DEVICE_FAMILY = "1,2";
				TEST_HOST = "$(BUILT_PRODUCTS_DIR)/slokara.app/slokara";
			};
			name = Release;
		};
		9821B35B2378560400CF964D /* Debug */ = {
			isa = XCBuildConfiguration;
			baseConfigurationReference = E621BD475B31DAB477190F56 /* Pods-slokaraUITests.debug.xcconfig */;
			buildSettings = {
				ALWAYS_EMBED_SWIFT_STANDARD_LIBRARIES = YES;
				CODE_SIGN_STYLE = Automatic;
				INFOPLIST_FILE = slokaraUITests/Info.plist;
				LD_RUNPATH_SEARCH_PATHS = (
					"$(inherited)",
					"@executable_path/Frameworks",
					"@loader_path/Frameworks",
				);
				PRODUCT_BUNDLE_IDENTIFIER = "jp.continue-dev.slokaraUITests";
				PRODUCT_NAME = "$(TARGET_NAME)";
				SWIFT_VERSION = 5.0;
				TARGETED_DEVICE_FAMILY = "1,2";
				TEST_TARGET_NAME = slokara;
			};
			name = Debug;
		};
		9821B35C2378560400CF964D /* Release */ = {
			isa = XCBuildConfiguration;
			baseConfigurationReference = A289E1AEE7FA019E770B30B7 /* Pods-slokaraUITests.release.xcconfig */;
			buildSettings = {
				ALWAYS_EMBED_SWIFT_STANDARD_LIBRARIES = YES;
				CODE_SIGN_STYLE = Automatic;
				INFOPLIST_FILE = slokaraUITests/Info.plist;
				LD_RUNPATH_SEARCH_PATHS = (
					"$(inherited)",
					"@executable_path/Frameworks",
					"@loader_path/Frameworks",
				);
				PRODUCT_BUNDLE_IDENTIFIER = "jp.continue-dev.slokaraUITests";
				PRODUCT_NAME = "$(TARGET_NAME)";
				SWIFT_VERSION = 5.0;
				TARGETED_DEVICE_FAMILY = "1,2";
				TEST_TARGET_NAME = slokara;
			};
			name = Release;
		};
/* End XCBuildConfiguration section */

/* Begin XCConfigurationList section */
		9821B3252378560300CF964D /* Build configuration list for PBXProject "slokara" */ = {
			isa = XCConfigurationList;
			buildConfigurations = (
				9821B3522378560400CF964D /* Debug */,
				9821B3532378560400CF964D /* Release */,
			);
			defaultConfigurationIsVisible = 0;
			defaultConfigurationName = Release;
		};
		9821B3542378560400CF964D /* Build configuration list for PBXNativeTarget "slokara" */ = {
			isa = XCConfigurationList;
			buildConfigurations = (
				9821B3552378560400CF964D /* Debug */,
				9821B3562378560400CF964D /* Release */,
			);
			defaultConfigurationIsVisible = 0;
			defaultConfigurationName = Release;
		};
		9821B3572378560400CF964D /* Build configuration list for PBXNativeTarget "slokaraTests" */ = {
			isa = XCConfigurationList;
			buildConfigurations = (
				9821B3582378560400CF964D /* Debug */,
				9821B3592378560400CF964D /* Release */,
			);
			defaultConfigurationIsVisible = 0;
			defaultConfigurationName = Release;
		};
		9821B35A2378560400CF964D /* Build configuration list for PBXNativeTarget "slokaraUITests" */ = {
			isa = XCConfigurationList;
			buildConfigurations = (
				9821B35B2378560400CF964D /* Debug */,
				9821B35C2378560400CF964D /* Release */,
			);
			defaultConfigurationIsVisible = 0;
			defaultConfigurationName = Release;
		};
/* End XCConfigurationList section */
	};
	rootObject = 9821B3222378560300CF964D /* Project object */;
}
